schema: '2.0'
stages:
  train:
    cmd: python src/train.py
    deps:
    - path: data/green_tripdata_2021-01.parquet
      hash: md5
      md5: 58f7622b863151fc9f4d51eff826db50
      size: 1333519
    - path: data/green_tripdata_2021-02.parquet
      hash: md5
      md5: 37305f2db8bd9ae2553212bba9e2b0b5
      size: 1145679
    - path: src/train.py
      hash: md5
      md5: de7e870e22fc15b8d17311c0f4912e47
      size: 3593
    params:
      params.yaml:
        data:
          train_path: data/green_tripdata_2021-01.parquet
          test_path: data/green_tripdata_2021-02.parquet
          outlier_distance: 150
        train:
          test_size: 0.2
          random_state: 42
          n_estimators: 100
    outs:
    - path: dvclive/metrics.json
      hash: md5
      md5: 7d22017d8a22cdd8d577bef12a5da56c
      size: 100
    - path: models/random_forest_regression.pkl
      hash: md5
      md5: d15534fdc2b4b76351537199a79ee4c6
      size: 563022993
  evaluate:
    cmd: python src/evaluate.py
    deps:
    - path: data/green_tripdata_2021-01.parquet
      hash: md5
      md5: 58f7622b863151fc9f4d51eff826db50
      size: 1333519
    - path: data/green_tripdata_2021-02.parquet
      hash: md5
      md5: 37305f2db8bd9ae2553212bba9e2b0b5
      size: 1145679
    - path: models/random_forest_regression.pkl
      hash: md5
      md5: d15534fdc2b4b76351537199a79ee4c6
      size: 563022993
    - path: src/evaluate.py
      hash: md5
      md5: 49aede6f92c92c3c4634780dac108b78
      size: 1908
